
Microsoft Visual Studio Solution File, Format Version 12.00
# Visual Studio Version 17
VisualStudioVersion = 17.0.32014.148
MinimumVisualStudioVersion = 10.0.40219.1
Project("{2150E333-8FDC-42A3-9474-1A3956D46DE8}") = "HomeWork", "HomeWork", "{7ABF1509-AAF4-4DE1-B68A-5A38182B95EC}"
	ProjectSection(SolutionItems) = preProject
		media\Homework220207.png = media\Homework220207.png
	EndProjectSection
EndProject
Project("{8BC9CEB8-8B4A-11D0-8D11-00A0C91BC942}") = "HomeWork220112", "HomeWork220112\HomeWork220112.vcxproj", "{1552FBA9-7060-4F60-9B85-2728080FA119}"
EndProject
Project("{8BC9CEB8-8B4A-11D0-8D11-00A0C91BC942}") = "HomeWork220113", "HomeWork220113\HomeWork220113.vcxproj", "{7F0066AC-B917-4CE7-B8A9-FDFBE88E5F08}"
EndProject
Project("{8BC9CEB8-8B4A-11D0-8D11-00A0C91BC942}") = "HomeWork220114_Cut", "HomeWork220114\HomeWork220114.vcxproj", "{29D1F3E8-7329-4219-B4AF-37A3DD2A0B31}"
EndProject
Project("{8BC9CEB8-8B4A-11D0-8D11-00A0C91BC942}") = "QnA", "QnA\QnA.vcxproj", "{A5DBE7F5-2902-4145-BBDC-8506CCA9B9DF}"
EndProject
Project("{8BC9CEB8-8B4A-11D0-8D11-00A0C91BC942}") = "HomeWork220117First", "HomeWork220115\HomeWork220115.vcxproj", "{BE7D0280-02F6-48FE-B688-673086964FB6}"
EndProject
Project("{8BC9CEB8-8B4A-11D0-8D11-00A0C91BC942}") = "HomeWork220117Last", "HomeWork20220117Last\HomeWork20220117Last.vcxproj", "{5522E6E1-5CCC-4E3A-AF0F-23F08D33BFC0}"
EndProject
Project("{8BC9CEB8-8B4A-11D0-8D11-00A0C91BC942}") = "Practice", "Practice\Practice.vcxproj", "{EE6E77C5-643B-4D1E-9371-C0F286BC9810}"
EndProject
Project("{8BC9CEB8-8B4A-11D0-8D11-00A0C91BC942}") = "HomeWork220126", "HomeWork220126\HomeWork220126.vcxproj", "{C37A56D4-3DF8-4639-A3AB-21FD5A37CB02}"
EndProject
Project("{8BC9CEB8-8B4A-11D0-8D11-00A0C91BC942}") = "ConsoleScreen", "ConsoleScreen\ConsoleScreen.vcxproj", "{958B682C-8D66-4E32-903C-B9F8A3014EFB}"
EndProject
Project("{8BC9CEB8-8B4A-11D0-8D11-00A0C91BC942}") = "HomeWork220224Map", "HomeWork220224Map\HomeWork220224Map.vcxproj", "{083EC6A6-403F-4A68-A77E-3F42C2C31E9B}"
EndProject
Project("{8BC9CEB8-8B4A-11D0-8D11-00A0C91BC942}") = "Snake", "Snake\Snake.vcxproj", "{050BA1F7-93E2-48D6-AD59-09EC8EF82049}"
EndProject
Project("{8BC9CEB8-8B4A-11D0-8D11-00A0C91BC942}") = "HomeWork220222Vector", "20220222Vector\20220222Vector.vcxproj", "{4A1D6D05-86D6-4AEB-A5C9-1C524DF4B0B6}"
EndProject
Global
	GlobalSection(SolutionConfigurationPlatforms) = preSolution
		Debug|Any CPU = Debug|Any CPU
		Debug|x64 = Debug|x64
		Debug|x86 = Debug|x86
		Release|Any CPU = Release|Any CPU
		Release|x64 = Release|x64
		Release|x86 = Release|x86
	EndGlobalSection
	GlobalSection(ProjectConfigurationPlatforms) = postSolution
		{1552FBA9-7060-4F60-9B85-2728080FA119}.Debug|Any CPU.ActiveCfg = Debug|x64
		{1552FBA9-7060-4F60-9B85-2728080FA119}.Debug|Any CPU.Build.0 = Debug|x64
		{1552FBA9-7060-4F60-9B85-2728080FA119}.Debug|x64.ActiveCfg = Debug|x64
		{1552FBA9-7060-4F60-9B85-2728080FA119}.Debug|x64.Build.0 = Debug|x64
		{1552FBA9-7060-4F60-9B85-2728080FA119}.Debug|x86.ActiveCfg = Debug|Win32
		{1552FBA9-7060-4F60-9B85-2728080FA119}.Debug|x86.Build.0 = Debug|Win32
		{1552FBA9-7060-4F60-9B85-2728080FA119}.Release|Any CPU.ActiveCfg = Release|x64
		{1552FBA9-7060-4F60-9B85-2728080FA119}.Release|Any CPU.Build.0 = Release|x64
		{1552FBA9-7060-4F60-9B85-2728080FA119}.Release|x64.ActiveCfg = Release|x64
		{1552FBA9-7060-4F60-9B85-2728080FA119}.Release|x64.Build.0 = Release|x64
		{1552FBA9-7060-4F60-9B85-2728080FA119}.Release|x86.ActiveCfg = Release|Win32
		{1552FBA9-7060-4F60-9B85-2728080FA119}.Release|x86.Build.0 = Release|Win32
		{7F0066AC-B917-4CE7-B8A9-FDFBE88E5F08}.Debug|Any CPU.ActiveCfg = Debug|x64
		{7F0066AC-B917-4CE7-B8A9-FDFBE88E5F08}.Debug|Any CPU.Build.0 = Debug|x64
		{7F0066AC-B917-4CE7-B8A9-FDFBE88E5F08}.Debug|x64.ActiveCfg = Debug|x64
		{7F0066AC-B917-4CE7-B8A9-FDFBE88E5F08}.Debug|x64.Build.0 = Debug|x64
		{7F0066AC-B917-4CE7-B8A9-FDFBE88E5F08}.Debug|x86.ActiveCfg = Debug|Win32
		{7F0066AC-B917-4CE7-B8A9-FDFBE88E5F08}.Debug|x86.Build.0 = Debug|Win32
		{7F0066AC-B917-4CE7-B8A9-FDFBE88E5F08}.Release|Any CPU.ActiveCfg = Release|x64
		{7F0066AC-B917-4CE7-B8A9-FDFBE88E5F08}.Release|Any CPU.Build.0 = Release|x64
		{7F0066AC-B917-4CE7-B8A9-FDFBE88E5F08}.Release|x64.ActiveCfg = Release|x64
		{7F0066AC-B917-4CE7-B8A9-FDFBE88E5F08}.Release|x64.Build.0 = Release|x64
		{7F0066AC-B917-4CE7-B8A9-FDFBE88E5F08}.Release|x86.ActiveCfg = Release|Win32
		{7F0066AC-B917-4CE7-B8A9-FDFBE88E5F08}.Release|x86.Build.0 = Release|Win32
		{29D1F3E8-7329-4219-B4AF-37A3DD2A0B31}.Debug|Any CPU.ActiveCfg = Debug|x64
		{29D1F3E8-7329-4219-B4AF-37A3DD2A0B31}.Debug|Any CPU.Build.0 = Debug|x64
		{29D1F3E8-7329-4219-B4AF-37A3DD2A0B31}.Debug|x64.ActiveCfg = Debug|x64
		{29D1F3E8-7329-4219-B4AF-37A3DD2A0B31}.Debug|x64.Build.0 = Debug|x64
		{29D1F3E8-7329-4219-B4AF-37A3DD2A0B31}.Debug|x86.ActiveCfg = Debug|Win32
		{29D1F3E8-7329-4219-B4AF-37A3DD2A0B31}.Debug|x86.Build.0 = Debug|Win32
		{29D1F3E8-7329-4219-B4AF-37A3DD2A0B31}.Release|Any CPU.ActiveCfg = Release|x64
		{29D1F3E8-7329-4219-B4AF-37A3DD2A0B31}.Release|Any CPU.Build.0 = Release|x64
		{29D1F3E8-7329-4219-B4AF-37A3DD2A0B31}.Release|x64.ActiveCfg = Release|x64
		{29D1F3E8-7329-4219-B4AF-37A3DD2A0B31}.Release|x64.Build.0 = Release|x64
		{29D1F3E8-7329-4219-B4AF-37A3DD2A0B31}.Release|x86.ActiveCfg = Release|Win32
		{29D1F3E8-7329-4219-B4AF-37A3DD2A0B31}.Release|x86.Build.0 = Release|Win32
		{A5DBE7F5-2902-4145-BBDC-8506CCA9B9DF}.Debug|Any CPU.ActiveCfg = Debug|x64
		{A5DBE7F5-2902-4145-BBDC-8506CCA9B9DF}.Debug|Any CPU.Build.0 = Debug|x64
		{A5DBE7F5-2902-4145-BBDC-8506CCA9B9DF}.Debug|x64.ActiveCfg = Debug|x64
		{A5DBE7F5-2902-4145-BBDC-8506CCA9B9DF}.Debug|x64.Build.0 = Debug|x64
		{A5DBE7F5-2902-4145-BBDC-8506CCA9B9DF}.Debug|x86.ActiveCfg = Debug|Win32
		{A5DBE7F5-2902-4145-BBDC-8506CCA9B9DF}.Debug|x86.Build.0 = Debug|Win32
		{A5DBE7F5-2902-4145-BBDC-8506CCA9B9DF}.Release|Any CPU.ActiveCfg = Release|x64
		{A5DBE7F5-2902-4145-BBDC-8506CCA9B9DF}.Release|Any CPU.Build.0 = Release|x64
		{A5DBE7F5-2902-4145-BBDC-8506CCA9B9DF}.Release|x64.ActiveCfg = Release|x64
		{A5DBE7F5-2902-4145-BBDC-8506CCA9B9DF}.Release|x64.Build.0 = Release|x64
		{A5DBE7F5-2902-4145-BBDC-8506CCA9B9DF}.Release|x86.ActiveCfg = Release|Win32
		{A5DBE7F5-2902-4145-BBDC-8506CCA9B9DF}.Release|x86.Build.0 = Release|Win32
		{BE7D0280-02F6-48FE-B688-673086964FB6}.Debug|Any CPU.ActiveCfg = Debug|x64
		{BE7D0280-02F6-48FE-B688-673086964FB6}.Debug|Any CPU.Build.0 = Debug|x64
		{BE7D0280-02F6-48FE-B688-673086964FB6}.Debug|x64.ActiveCfg = Debug|x64
		{BE7D0280-02F6-48FE-B688-673086964FB6}.Debug|x64.Build.0 = Debug|x64
		{BE7D0280-02F6-48FE-B688-673086964FB6}.Debug|x86.ActiveCfg = Debug|Win32
		{BE7D0280-02F6-48FE-B688-673086964FB6}.Debug|x86.Build.0 = Debug|Win32
		{BE7D0280-02F6-48FE-B688-673086964FB6}.Release|Any CPU.ActiveCfg = Release|x64
		{BE7D0280-02F6-48FE-B688-673086964FB6}.Release|Any CPU.Build.0 = Release|x64
		{BE7D0280-02F6-48FE-B688-673086964FB6}.Release|x64.ActiveCfg = Release|x64
		{BE7D0280-02F6-48FE-B688-673086964FB6}.Release|x64.Build.0 = Release|x64
		{BE7D0280-02F6-48FE-B688-673086964FB6}.Release|x86.ActiveCfg = Release|Win32
		{BE7D0280-02F6-48FE-B688-673086964FB6}.Release|x86.Build.0 = Release|Win32
		{5522E6E1-5CCC-4E3A-AF0F-23F08D33BFC0}.Debug|Any CPU.ActiveCfg = Debug|x64
		{5522E6E1-5CCC-4E3A-AF0F-23F08D33BFC0}.Debug|Any CPU.Build.0 = Debug|x64
		{5522E6E1-5CCC-4E3A-AF0F-23F08D33BFC0}.Debug|x64.ActiveCfg = Debug|x64
		{5522E6E1-5CCC-4E3A-AF0F-23F08D33BFC0}.Debug|x64.Build.0 = Debug|x64
		{5522E6E1-5CCC-4E3A-AF0F-23F08D33BFC0}.Debug|x86.ActiveCfg = Debug|Win32
		{5522E6E1-5CCC-4E3A-AF0F-23F08D33BFC0}.Debug|x86.Build.0 = Debug|Win32
		{5522E6E1-5CCC-4E3A-AF0F-23F08D33BFC0}.Release|Any CPU.ActiveCfg = Release|x64
		{5522E6E1-5CCC-4E3A-AF0F-23F08D33BFC0}.Release|Any CPU.Build.0 = Release|x64
		{5522E6E1-5CCC-4E3A-AF0F-23F08D33BFC0}.Release|x64.ActiveCfg = Release|x64
		{5522E6E1-5CCC-4E3A-AF0F-23F08D33BFC0}.Release|x64.Build.0 = Release|x64
		{5522E6E1-5CCC-4E3A-AF0F-23F08D33BFC0}.Release|x86.ActiveCfg = Release|Win32
		{5522E6E1-5CCC-4E3A-AF0F-23F08D33BFC0}.Release|x86.Build.0 = Release|Win32
		{EE6E77C5-643B-4D1E-9371-C0F286BC9810}.Debug|Any CPU.ActiveCfg = Debug|x64
		{EE6E77C5-643B-4D1E-9371-C0F286BC9810}.Debug|Any CPU.Build.0 = Debug|x64
		{EE6E77C5-643B-4D1E-9371-C0F286BC9810}.Debug|x64.ActiveCfg = Debug|x64
		{EE6E77C5-643B-4D1E-9371-C0F286BC9810}.Debug|x64.Build.0 = Debug|x64
		{EE6E77C5-643B-4D1E-9371-C0F286BC9810}.Debug|x86.ActiveCfg = Debug|Win32
		{EE6E77C5-643B-4D1E-9371-C0F286BC9810}.Debug|x86.Build.0 = Debug|Win32
		{EE6E77C5-643B-4D1E-9371-C0F286BC9810}.Release|Any CPU.ActiveCfg = Release|x64
		{EE6E77C5-643B-4D1E-9371-C0F286BC9810}.Release|Any CPU.Build.0 = Release|x64
		{EE6E77C5-643B-4D1E-9371-C0F286BC9810}.Release|x64.ActiveCfg = Release|x64
		{EE6E77C5-643B-4D1E-9371-C0F286BC9810}.Release|x64.Build.0 = Release|x64
		{EE6E77C5-643B-4D1E-9371-C0F286BC9810}.Release|x86.ActiveCfg = Release|Win32
		{EE6E77C5-643B-4D1E-9371-C0F286BC9810}.Release|x86.Build.0 = Release|Win32
		{C37A56D4-3DF8-4639-A3AB-21FD5A37CB02}.Debug|Any CPU.ActiveCfg = Debug|x64
		{C37A56D4-3DF8-4639-A3AB-21FD5A37CB02}.Debug|Any CPU.Build.0 = Debug|x64
		{C37A56D4-3DF8-4639-A3AB-21FD5A37CB02}.Debug|x64.ActiveCfg = Debug|x64
		{C37A56D4-3DF8-4639-A3AB-21FD5A37CB02}.Debug|x64.Build.0 = Debug|x64
		{C37A56D4-3DF8-4639-A3AB-21FD5A37CB02}.Debug|x86.ActiveCfg = Debug|Win32
		{C37A56D4-3DF8-4639-A3AB-21FD5A37CB02}.Debug|x86.Build.0 = Debug|Win32
		{C37A56D4-3DF8-4639-A3AB-21FD5A37CB02}.Release|Any CPU.ActiveCfg = Release|x64
		{C37A56D4-3DF8-4639-A3AB-21FD5A37CB02}.Release|Any CPU.Build.0 = Release|x64
		{C37A56D4-3DF8-4639-A3AB-21FD5A37CB02}.Release|x64.ActiveCfg = Release|x64
		{C37A56D4-3DF8-4639-A3AB-21FD5A37CB02}.Release|x64.Build.0 = Release|x64
		{C37A56D4-3DF8-4639-A3AB-21FD5A37CB02}.Release|x86.ActiveCfg = Release|Win32
		{C37A56D4-3DF8-4639-A3AB-21FD5A37CB02}.Release|x86.Build.0 = Release|Win32
		{958B682C-8D66-4E32-903C-B9F8A3014EFB}.Debug|Any CPU.ActiveCfg = Debug|x64
		{958B682C-8D66-4E32-903C-B9F8A3014EFB}.Debug|Any CPU.Build.0 = Debug|x64
		{958B682C-8D66-4E32-903C-B9F8A3014EFB}.Debug|x64.ActiveCfg = Debug|x64
		{958B682C-8D66-4E32-903C-B9F8A3014EFB}.Debug|x64.Build.0 = Debug|x64
		{958B682C-8D66-4E32-903C-B9F8A3014EFB}.Debug|x86.ActiveCfg = Debug|Win32
		{958B682C-8D66-4E32-903C-B9F8A3014EFB}.Debug|x86.Build.0 = Debug|Win32
		{958B682C-8D66-4E32-903C-B9F8A3014EFB}.Release|Any CPU.ActiveCfg = Release|x64
		{958B682C-8D66-4E32-903C-B9F8A3014EFB}.Release|Any CPU.Build.0 = Release|x64
		{958B682C-8D66-4E32-903C-B9F8A3014EFB}.Release|x64.ActiveCfg = Release|x64
		{958B682C-8D66-4E32-903C-B9F8A3014EFB}.Release|x64.Build.0 = Release|x64
		{958B682C-8D66-4E32-903C-B9F8A3014EFB}.Release|x86.ActiveCfg = Release|Win32
		{958B682C-8D66-4E32-903C-B9F8A3014EFB}.Release|x86.Build.0 = Release|Win32
		{083EC6A6-403F-4A68-A77E-3F42C2C31E9B}.Debug|Any CPU.ActiveCfg = Debug|x64
		{083EC6A6-403F-4A68-A77E-3F42C2C31E9B}.Debug|Any CPU.Build.0 = Debug|x64
		{083EC6A6-403F-4A68-A77E-3F42C2C31E9B}.Debug|x64.ActiveCfg = Debug|x64
		{083EC6A6-403F-4A68-A77E-3F42C2C31E9B}.Debug|x64.Build.0 = Debug|x64
		{083EC6A6-403F-4A68-A77E-3F42C2C31E9B}.Debug|x86.ActiveCfg = Debug|Win32
		{083EC6A6-403F-4A68-A77E-3F42C2C31E9B}.Debug|x86.Build.0 = Debug|Win32
		{083EC6A6-403F-4A68-A77E-3F42C2C31E9B}.Release|Any CPU.ActiveCfg = Release|x64
		{083EC6A6-403F-4A68-A77E-3F42C2C31E9B}.Release|Any CPU.Build.0 = Release|x64
		{083EC6A6-403F-4A68-A77E-3F42C2C31E9B}.Release|x64.ActiveCfg = Release|x64
		{083EC6A6-403F-4A68-A77E-3F42C2C31E9B}.Release|x64.Build.0 = Release|x64
		{083EC6A6-403F-4A68-A77E-3F42C2C31E9B}.Release|x86.ActiveCfg = Release|Win32
		{083EC6A6-403F-4A68-A77E-3F42C2C31E9B}.Release|x86.Build.0 = Release|Win32
		{050BA1F7-93E2-48D6-AD59-09EC8EF82049}.Debug|Any CPU.ActiveCfg = Debug|x64
		{050BA1F7-93E2-48D6-AD59-09EC8EF82049}.Debug|Any CPU.Build.0 = Debug|x64
		{050BA1F7-93E2-48D6-AD59-09EC8EF82049}.Debug|x64.ActiveCfg = Debug|x64
		{050BA1F7-93E2-48D6-AD59-09EC8EF82049}.Debug|x64.Build.0 = Debug|x64
		{050BA1F7-93E2-48D6-AD59-09EC8EF82049}.Debug|x86.ActiveCfg = Debug|Win32
		{050BA1F7-93E2-48D6-AD59-09EC8EF82049}.Debug|x86.Build.0 = Debug|Win32
		{050BA1F7-93E2-48D6-AD59-09EC8EF82049}.Release|Any CPU.ActiveCfg = Release|x64
		{050BA1F7-93E2-48D6-AD59-09EC8EF82049}.Release|Any CPU.Build.0 = Release|x64
		{050BA1F7-93E2-48D6-AD59-09EC8EF82049}.Release|x64.ActiveCfg = Release|x64
		{050BA1F7-93E2-48D6-AD59-09EC8EF82049}.Release|x64.Build.0 = Release|x64
		{050BA1F7-93E2-48D6-AD59-09EC8EF82049}.Release|x86.ActiveCfg = Release|Win32
		{050BA1F7-93E2-48D6-AD59-09EC8EF82049}.Release|x86.Build.0 = Release|Win32
		{4A1D6D05-86D6-4AEB-A5C9-1C524DF4B0B6}.Debug|Any CPU.ActiveCfg = Debug|x64
		{4A1D6D05-86D6-4AEB-A5C9-1C524DF4B0B6}.Debug|Any CPU.Build.0 = Debug|x64
		{4A1D6D05-86D6-4AEB-A5C9-1C524DF4B0B6}.Debug|x64.ActiveCfg = Debug|x64
		{4A1D6D05-86D6-4AEB-A5C9-1C524DF4B0B6}.Debug|x64.Build.0 = Debug|x64
		{4A1D6D05-86D6-4AEB-A5C9-1C524DF4B0B6}.Debug|x86.ActiveCfg = Debug|Win32
		{4A1D6D05-86D6-4AEB-A5C9-1C524DF4B0B6}.Debug|x86.Build.0 = Debug|Win32
		{4A1D6D05-86D6-4AEB-A5C9-1C524DF4B0B6}.Release|Any CPU.ActiveCfg = Release|x64
		{4A1D6D05-86D6-4AEB-A5C9-1C524DF4B0B6}.Release|Any CPU.Build.0 = Release|x64
		{4A1D6D05-86D6-4AEB-A5C9-1C524DF4B0B6}.Release|x64.ActiveCfg = Release|x64
		{4A1D6D05-86D6-4AEB-A5C9-1C524DF4B0B6}.Release|x64.Build.0 = Release|x64
		{4A1D6D05-86D6-4AEB-A5C9-1C524DF4B0B6}.Release|x86.ActiveCfg = Release|Win32
		{4A1D6D05-86D6-4AEB-A5C9-1C524DF4B0B6}.Release|x86.Build.0 = Release|Win32
	EndGlobalSection
	GlobalSection(SolutionProperties) = preSolution
		HideSolutionNode = FALSE
	EndGlobalSection
	GlobalSection(NestedProjects) = preSolution
		{1552FBA9-7060-4F60-9B85-2728080FA119} = {7ABF1509-AAF4-4DE1-B68A-5A38182B95EC}
		{7F0066AC-B917-4CE7-B8A9-FDFBE88E5F08} = {7ABF1509-AAF4-4DE1-B68A-5A38182B95EC}
		{29D1F3E8-7329-4219-B4AF-37A3DD2A0B31} = {7ABF1509-AAF4-4DE1-B68A-5A38182B95EC}
		{A5DBE7F5-2902-4145-BBDC-8506CCA9B9DF} = {7ABF1509-AAF4-4DE1-B68A-5A38182B95EC}
		{BE7D0280-02F6-48FE-B688-673086964FB6} = {7ABF1509-AAF4-4DE1-B68A-5A38182B95EC}
		{5522E6E1-5CCC-4E3A-AF0F-23F08D33BFC0} = {7ABF1509-AAF4-4DE1-B68A-5A38182B95EC}
		{EE6E77C5-643B-4D1E-9371-C0F286BC9810} = {7ABF1509-AAF4-4DE1-B68A-5A38182B95EC}
		{C37A56D4-3DF8-4639-A3AB-21FD5A37CB02} = {7ABF1509-AAF4-4DE1-B68A-5A38182B95EC}
	EndGlobalSection
	GlobalSection(ExtensibilityGlobals) = postSolution
		SolutionGuid = {FAAD2F3E-0513-4EA9-A438-45D9542BF834}
	EndGlobalSection
EndGlobal
