<?xml version="1.0" encoding="utf-8"?>
<Project ToolsVersion="4.0" xmlns="http://schemas.microsoft.com/developer/msbuild/2003">
  <ItemGroup>
    <Filter Include="Platform">
      <UniqueIdentifier>{281f6b66-c56a-4eb4-840c-4b8c3e42aac6}</UniqueIdentifier>
    </Filter>
    <Filter Include="Debug">
      <UniqueIdentifier>{540162ac-6200-4a13-a729-fb5ae551de2e}</UniqueIdentifier>
    </Filter>
    <Filter Include="Object">
      <UniqueIdentifier>{168985cd-cd96-4e6e-a0f5-8e3588420a72}</UniqueIdentifier>
    </Filter>
    <Filter Include="Math">
      <UniqueIdentifier>{16f83dc3-766b-4b2e-abe1-1b78f9fe02da}</UniqueIdentifier>
    </Filter>
    <Filter Include="Sound">
      <UniqueIdentifier>{d3d66fc8-a396-4e99-b6df-fc19e272fcb1}</UniqueIdentifier>
    </Filter>
    <Filter Include="String">
      <UniqueIdentifier>{e83deb93-8c54-4226-a1e5-b4f59b90d40b}</UniqueIdentifier>
    </Filter>
    <Filter Include="IO">
      <UniqueIdentifier>{07850c00-0bd1-4bda-adee-f53d8576f4a6}</UniqueIdentifier>
    </Filter>
  </ItemGroup>
  <ItemGroup>
    <ClInclude Include="GameEngineWindow.h">
      <Filter>Platform</Filter>
    </ClInclude>
    <ClInclude Include="GameEngineDebug.h">
      <Filter>Debug</Filter>
    </ClInclude>
    <ClInclude Include="GameEngineNameObject.h">
      <Filter>Object</Filter>
    </ClInclude>
    <ClInclude Include="GameEngineMath.h">
      <Filter>Math</Filter>
    </ClInclude>
    <ClInclude Include="GameEngineString.h">
      <Filter>String</Filter>
    </ClInclude>
    <ClInclude Include="GameEngineDirectory.h">
      <Filter>IO</Filter>
    </ClInclude>
    <ClInclude Include="GameEngineFile.h">
      <Filter>IO</Filter>
    </ClInclude>
    <ClInclude Include="GameEnginePath.h">
      <Filter>IO</Filter>
    </ClInclude>
    <ClInclude Include="GameEngineInput.h">
      <Filter>Platform</Filter>
    </ClInclude>
    <ClInclude Include="GameEngineTime.h">
      <Filter>Platform</Filter>
    </ClInclude>
  </ItemGroup>
  <ItemGroup>
    <ClCompile Include="GameEngineWindow.cpp">
      <Filter>Platform</Filter>
    </ClCompile>
    <ClCompile Include="GameEngineDebug.cpp">
      <Filter>Debug</Filter>
    </ClCompile>
    <ClCompile Include="GameEngineNameObject.cpp">
      <Filter>Object</Filter>
    </ClCompile>
    <ClCompile Include="GameEngineMath.cpp">
      <Filter>Math</Filter>
    </ClCompile>
    <ClCompile Include="GameEngineString.cpp">
      <Filter>String</Filter>
    </ClCompile>
    <ClCompile Include="GameEngineDirectory.cpp">
      <Filter>IO</Filter>
    </ClCompile>
    <ClCompile Include="GameEngineFile.cpp">
      <Filter>IO</Filter>
    </ClCompile>
    <ClCompile Include="GameEnginePath.cpp">
      <Filter>IO</Filter>
    </ClCompile>
    <ClCompile Include="GameEngineInput.cpp">
      <Filter>Platform</Filter>
    </ClCompile>
    <ClCompile Include="GameEngineTime.cpp">
      <Filter>Platform</Filter>
    </ClCompile>
  </ItemGroup>
</Project>